
Microsoft Visual Studio Solution File, Format Version 12.00
# Visual Studio Version 16
VisualStudioVersion = 16.0.29230.47
MinimumVisualStudioVersion = 10.0.40219.1
Project("{FAE04EC0-301F-11D3-BF4B-00C04F79EFBC}") = "AustralianArray", "AustralianArray\AustralianArray.csproj", "{39EC6FCC-30F2-4AC0-8674-88D1FE429E3B}"
EndProject
Global
	GlobalSection(SolutionConfigurationPlatforms) = preSolution
		Debug|Any CPU = Debug|Any CPU
		Release|Any CPU = Release|Any CPU
	EndGlobalSection
	GlobalSection(ProjectConfigurationPlatforms) = postSolution
		{39EC6FCC-30F2-4AC0-8674-88D1FE429E3B}.Debug|Any CPU.ActiveCfg = Debug|Any CPU
		{39EC6FCC-30F2-4AC0-8674-88D1FE429E3B}.Debug|Any CPU.Build.0 = Debug|Any CPU
		{39EC6FCC-30F2-4AC0-8674-88D1FE429E3B}.Release|Any CPU.ActiveCfg = Release|Any CPU
		{39EC6FCC-30F2-4AC0-8674-88D1FE429E3B}.Release|Any CPU.Build.0 = Release|Any CPU
	EndGlobalSection
	GlobalSection(SolutionProperties) = preSolution
		HideSolutionNode = FALSE
	EndGlobalSection
	GlobalSection(ExtensibilityGlobals) = postSolution
		SolutionGuid = {15BF1011-2078-414E-A8F0-4CEB65D58D9E}
	EndGlobalSection
EndGlobal
